
Microsoft Visual Studio Solution File, Format Version 12.00
# Visual Studio Version 17
VisualStudioVersion = 17.5.33530.505
MinimumVisualStudioVersion = 10.0.40219.1
Project("{2150E333-8FDC-42A3-9474-1A3956D46DE8}") = "src", "src", "{ADFC74CB-847F-43F6-8E45-630E74CE5106}"
EndProject
Project("{2150E333-8FDC-42A3-9474-1A3956D46DE8}") = "Building Blocks", "Building Blocks", "{2FC44001-202D-4693-B9DA-A00359F5A9AE}"
EndProject
Project("{2150E333-8FDC-42A3-9474-1A3956D46DE8}") = "Services", "Services", "{0481EE64-CA80-4638-BCA3-9D0FED24BEE5}"
EndProject
Project("{2150E333-8FDC-42A3-9474-1A3956D46DE8}") = "Web", "Web", "{82E7F233-ABBE-4AC7-AB20-3245A6160D2E}"
EndProject
Project("{2150E333-8FDC-42A3-9474-1A3956D46DE8}") = "Identidade", "Identidade", "{F89F3E7F-49C7-4254-ADA5-574297920A6C}"
EndProject
Project("{2150E333-8FDC-42A3-9474-1A3956D46DE8}") = "MVC", "MVC", "{A628F461-619A-49DB-B2DB-55A514A6B7AB}"
EndProject
Project("{2150E333-8FDC-42A3-9474-1A3956D46DE8}") = "Core", "Core", "{9B79CBF8-7242-478F-B700-9582C711BEA5}"
EndProject
Project("{2150E333-8FDC-42A3-9474-1A3956D46DE8}") = "Carrinho", "Carrinho", "{B7DFA633-DD7D-49BE-8429-FF3DC9FC30D6}"
EndProject
Project("{2150E333-8FDC-42A3-9474-1A3956D46DE8}") = "Catalogo", "Catalogo", "{2ADE8D93-F3BD-4135-AC6D-4555E65E90D0}"
EndProject
Project("{2150E333-8FDC-42A3-9474-1A3956D46DE8}") = "Cliente", "Cliente", "{5726FC9A-EC69-4471-A5FD-594804F628A0}"
EndProject
Project("{2150E333-8FDC-42A3-9474-1A3956D46DE8}") = "Pagamento", "Pagamento", "{34C376B0-EA5F-48EE-9844-ED788B6233DB}"
EndProject
Project("{2150E333-8FDC-42A3-9474-1A3956D46DE8}") = "Pedido", "Pedido", "{9F51F94B-7683-4E54-9A15-D3AC5A877C60}"
EndProject
Project("{9A19103F-16F7-4668-BE54-9A1E7A4F7556}") = "NSE.Core", "src\building blocks\NSE.Core\NSE.Core.csproj", "{65723E7E-BCD6-485B-9C7A-EAB02B7E386E}"
EndProject
Project("{9A19103F-16F7-4668-BE54-9A1E7A4F7556}") = "NSE.Identidade.API", "src\services\NSE.Identidade.API\NSE.Identidade.API.csproj", "{2D4D74B5-5B3B-4E36-A870-CE24BE4EE3D1}"
EndProject
Project("{FAE04EC0-301F-11D3-BF4B-00C04F79EFBC}") = "NSE.Carrinho.API", "src\services\NSE.Carrinho.API\NSE.Carrinho.API.csproj", "{3EBAA585-968D-40CB-8BE8-2BEBA764AA98}"
EndProject
Project("{FAE04EC0-301F-11D3-BF4B-00C04F79EFBC}") = "NSE.Catalogo.API", "src\services\NSE.Catalogo.API\NSE.Catalogo.API.csproj", "{A8E3C846-3D15-4F55-9536-A4F2BC59E3FE}"
EndProject
Project("{FAE04EC0-301F-11D3-BF4B-00C04F79EFBC}") = "NSE.Cliente.API", "src\services\NSE.Cliente.API\NSE.Cliente.API.csproj", "{02319C30-40F9-4FF0-A2E2-877764EC8F79}"
EndProject
Project("{FAE04EC0-301F-11D3-BF4B-00C04F79EFBC}") = "NSE.Pagamento.API", "src\services\NSE.Pagamento.API\NSE.Pagamento.API.csproj", "{C98ED105-038E-4AD4-B4B9-036D63747517}"
EndProject
Project("{FAE04EC0-301F-11D3-BF4B-00C04F79EFBC}") = "NSE.Pedido.API", "src\services\NSE.Pedido.API\NSE.Pedido.API.csproj", "{6E9BFED7-3A62-448D-A36D-B4CC17530062}"
EndProject
Project("{FAE04EC0-301F-11D3-BF4B-00C04F79EFBC}") = "NSE.WebApp.MVC", "src\web\NSE.WebApp.MVC\NSE.WebApp.MVC.csproj", "{810C6EAE-3FA4-4060-918F-C85FC6B7D080}"
EndProject
Global
	GlobalSection(SolutionConfigurationPlatforms) = preSolution
		Debug|Any CPU = Debug|Any CPU
		Release|Any CPU = Release|Any CPU
	EndGlobalSection
	GlobalSection(ProjectConfigurationPlatforms) = postSolution
		{65723E7E-BCD6-485B-9C7A-EAB02B7E386E}.Debug|Any CPU.ActiveCfg = Debug|Any CPU
		{65723E7E-BCD6-485B-9C7A-EAB02B7E386E}.Debug|Any CPU.Build.0 = Debug|Any CPU
		{65723E7E-BCD6-485B-9C7A-EAB02B7E386E}.Release|Any CPU.ActiveCfg = Release|Any CPU
		{65723E7E-BCD6-485B-9C7A-EAB02B7E386E}.Release|Any CPU.Build.0 = Release|Any CPU
		{2D4D74B5-5B3B-4E36-A870-CE24BE4EE3D1}.Debug|Any CPU.ActiveCfg = Debug|Any CPU
		{2D4D74B5-5B3B-4E36-A870-CE24BE4EE3D1}.Debug|Any CPU.Build.0 = Debug|Any CPU
		{2D4D74B5-5B3B-4E36-A870-CE24BE4EE3D1}.Release|Any CPU.ActiveCfg = Release|Any CPU
		{2D4D74B5-5B3B-4E36-A870-CE24BE4EE3D1}.Release|Any CPU.Build.0 = Release|Any CPU
		{3EBAA585-968D-40CB-8BE8-2BEBA764AA98}.Debug|Any CPU.ActiveCfg = Debug|Any CPU
		{3EBAA585-968D-40CB-8BE8-2BEBA764AA98}.Debug|Any CPU.Build.0 = Debug|Any CPU
		{3EBAA585-968D-40CB-8BE8-2BEBA764AA98}.Release|Any CPU.ActiveCfg = Release|Any CPU
		{3EBAA585-968D-40CB-8BE8-2BEBA764AA98}.Release|Any CPU.Build.0 = Release|Any CPU
		{A8E3C846-3D15-4F55-9536-A4F2BC59E3FE}.Debug|Any CPU.ActiveCfg = Debug|Any CPU
		{A8E3C846-3D15-4F55-9536-A4F2BC59E3FE}.Debug|Any CPU.Build.0 = Debug|Any CPU
		{A8E3C846-3D15-4F55-9536-A4F2BC59E3FE}.Release|Any CPU.ActiveCfg = Release|Any CPU
		{A8E3C846-3D15-4F55-9536-A4F2BC59E3FE}.Release|Any CPU.Build.0 = Release|Any CPU
		{02319C30-40F9-4FF0-A2E2-877764EC8F79}.Debug|Any CPU.ActiveCfg = Debug|Any CPU
		{02319C30-40F9-4FF0-A2E2-877764EC8F79}.Debug|Any CPU.Build.0 = Debug|Any CPU
		{02319C30-40F9-4FF0-A2E2-877764EC8F79}.Release|Any CPU.ActiveCfg = Release|Any CPU
		{02319C30-40F9-4FF0-A2E2-877764EC8F79}.Release|Any CPU.Build.0 = Release|Any CPU
		{C98ED105-038E-4AD4-B4B9-036D63747517}.Debug|Any CPU.ActiveCfg = Debug|Any CPU
		{C98ED105-038E-4AD4-B4B9-036D63747517}.Debug|Any CPU.Build.0 = Debug|Any CPU
		{C98ED105-038E-4AD4-B4B9-036D63747517}.Release|Any CPU.ActiveCfg = Release|Any CPU
		{C98ED105-038E-4AD4-B4B9-036D63747517}.Release|Any CPU.Build.0 = Release|Any CPU
		{6E9BFED7-3A62-448D-A36D-B4CC17530062}.Debug|Any CPU.ActiveCfg = Debug|Any CPU
		{6E9BFED7-3A62-448D-A36D-B4CC17530062}.Debug|Any CPU.Build.0 = Debug|Any CPU
		{6E9BFED7-3A62-448D-A36D-B4CC17530062}.Release|Any CPU.ActiveCfg = Release|Any CPU
		{6E9BFED7-3A62-448D-A36D-B4CC17530062}.Release|Any CPU.Build.0 = Release|Any CPU
		{810C6EAE-3FA4-4060-918F-C85FC6B7D080}.Debug|Any CPU.ActiveCfg = Debug|Any CPU
		{810C6EAE-3FA4-4060-918F-C85FC6B7D080}.Debug|Any CPU.Build.0 = Debug|Any CPU
		{810C6EAE-3FA4-4060-918F-C85FC6B7D080}.Release|Any CPU.ActiveCfg = Release|Any CPU
		{810C6EAE-3FA4-4060-918F-C85FC6B7D080}.Release|Any CPU.Build.0 = Release|Any CPU
	EndGlobalSection
	GlobalSection(SolutionProperties) = preSolution
		HideSolutionNode = FALSE
	EndGlobalSection
	GlobalSection(NestedProjects) = preSolution
		{2FC44001-202D-4693-B9DA-A00359F5A9AE} = {ADFC74CB-847F-43F6-8E45-630E74CE5106}
		{0481EE64-CA80-4638-BCA3-9D0FED24BEE5} = {ADFC74CB-847F-43F6-8E45-630E74CE5106}
		{82E7F233-ABBE-4AC7-AB20-3245A6160D2E} = {ADFC74CB-847F-43F6-8E45-630E74CE5106}
		{F89F3E7F-49C7-4254-ADA5-574297920A6C} = {0481EE64-CA80-4638-BCA3-9D0FED24BEE5}
		{A628F461-619A-49DB-B2DB-55A514A6B7AB} = {82E7F233-ABBE-4AC7-AB20-3245A6160D2E}
		{9B79CBF8-7242-478F-B700-9582C711BEA5} = {2FC44001-202D-4693-B9DA-A00359F5A9AE}
		{B7DFA633-DD7D-49BE-8429-FF3DC9FC30D6} = {0481EE64-CA80-4638-BCA3-9D0FED24BEE5}
		{2ADE8D93-F3BD-4135-AC6D-4555E65E90D0} = {0481EE64-CA80-4638-BCA3-9D0FED24BEE5}
		{5726FC9A-EC69-4471-A5FD-594804F628A0} = {0481EE64-CA80-4638-BCA3-9D0FED24BEE5}
		{34C376B0-EA5F-48EE-9844-ED788B6233DB} = {0481EE64-CA80-4638-BCA3-9D0FED24BEE5}
		{9F51F94B-7683-4E54-9A15-D3AC5A877C60} = {0481EE64-CA80-4638-BCA3-9D0FED24BEE5}
		{65723E7E-BCD6-485B-9C7A-EAB02B7E386E} = {9B79CBF8-7242-478F-B700-9582C711BEA5}
		{2D4D74B5-5B3B-4E36-A870-CE24BE4EE3D1} = {F89F3E7F-49C7-4254-ADA5-574297920A6C}
		{3EBAA585-968D-40CB-8BE8-2BEBA764AA98} = {B7DFA633-DD7D-49BE-8429-FF3DC9FC30D6}
		{A8E3C846-3D15-4F55-9536-A4F2BC59E3FE} = {2ADE8D93-F3BD-4135-AC6D-4555E65E90D0}
		{02319C30-40F9-4FF0-A2E2-877764EC8F79} = {5726FC9A-EC69-4471-A5FD-594804F628A0}
		{C98ED105-038E-4AD4-B4B9-036D63747517} = {34C376B0-EA5F-48EE-9844-ED788B6233DB}
		{6E9BFED7-3A62-448D-A36D-B4CC17530062} = {9F51F94B-7683-4E54-9A15-D3AC5A877C60}
		{810C6EAE-3FA4-4060-918F-C85FC6B7D080} = {A628F461-619A-49DB-B2DB-55A514A6B7AB}
	EndGlobalSection
	GlobalSection(ExtensibilityGlobals) = postSolution
		SolutionGuid = {EF60A61C-DA27-4A22-9808-C0652E39EEF6}
	EndGlobalSection
EndGlobal
